
Microsoft Visual Studio Solution File, Format Version 12.00
# Visual Studio Version 16
VisualStudioVersion = 16.0.29509.3
MinimumVisualStudioVersion = 10.0.40219.1
Project("{FAE04EC0-301F-11D3-BF4B-00C04F79EFBC}") = "HexaPawnCS", "HexaPawnCS\HexaPawnCS.csproj", "{68969415-9DB0-484C-90E3-C11267898B3C}"
EndProject
Global
	GlobalSection(SolutionConfigurationPlatforms) = preSolution
		Debug|Any CPU = Debug|Any CPU
		Release|Any CPU = Release|Any CPU
	EndGlobalSection
	GlobalSection(ProjectConfigurationPlatforms) = postSolution
		{68969415-9DB0-484C-90E3-C11267898B3C}.Debug|Any CPU.ActiveCfg = Debug|Any CPU
		{68969415-9DB0-484C-90E3-C11267898B3C}.Debug|Any CPU.Build.0 = Debug|Any CPU
		{68969415-9DB0-484C-90E3-C11267898B3C}.Release|Any CPU.ActiveCfg = Release|Any CPU
		{68969415-9DB0-484C-90E3-C11267898B3C}.Release|Any CPU.Build.0 = Release|Any CPU
	EndGlobalSection
	GlobalSection(SolutionProperties) = preSolution
		HideSolutionNode = FALSE
	EndGlobalSection
	GlobalSection(ExtensibilityGlobals) = postSolution
		SolutionGuid = {8E4077FF-5B50-4DAD-BCD5-2678BF72E87F}
	EndGlobalSection
EndGlobal
